# This file is automatically @generated by Poetry 1.8.3 and should not be changed by hand.

[[package]]
name = "cbor2"
version = "5.6.4"
description = "CBOR (de)serializer with extensive tag support"
optional = false
python-versions = ">=3.8"
files = [
    {file = "cbor2-5.6.4-cp310-cp310-macosx_10_9_x86_64.whl", hash = "sha256:c40c68779a363f47a11ded7b189ba16767391d5eae27fac289e7f62b730ae1fc"},
    {file = "cbor2-5.6.4-cp310-cp310-macosx_11_0_arm64.whl", hash = "sha256:c0625c8d3c487e509458459de99bf052f62eb5d773cc9fc141c6a6ea9367726d"},
    {file = "cbor2-5.6.4-cp310-cp310-manylinux_2_17_aarch64.manylinux2014_aarch64.whl", hash = "sha256:de7137622204168c3a57882f15dd09b5135bda2bcb1cf8b56b58d26b5150dfca"},
    {file = "cbor2-5.6.4-cp310-cp310-manylinux_2_17_x86_64.manylinux2014_x86_64.whl", hash = "sha256:e3545e1e62ec48944b81da2c0e0a736ca98b9e4653c2365cae2f10ae871e9113"},
    {file = "cbor2-5.6.4-cp310-cp310-musllinux_1_1_aarch64.whl", hash = "sha256:d6749913cd00a24eba17406a0bfc872044036c30a37eb2fcde7acfd975317e8a"},
    {file = "cbor2-5.6.4-cp310-cp310-musllinux_1_1_x86_64.whl", hash = "sha256:57db966ab08443ee54b6f154f72021a41bfecd4ba897fe108728183ad8784a2a"},
    {file = "cbor2-5.6.4-cp310-cp310-win_amd64.whl", hash = "sha256:380e0c7f4db574dcd86e6eee1b0041863b0aae7efd449d49b0b784cf9a481b9b"},
    {file = "cbor2-5.6.4-cp311-cp311-macosx_10_9_x86_64.whl", hash = "sha256:5c763d50a1714e0356b90ad39194fc8ef319356b89fb001667a2e836bfde88e3"},
    {file = "cbor2-5.6.4-cp311-cp311-macosx_11_0_arm64.whl", hash = "sha256:58a7ac8861857a9f9b0de320a4808a2a5f68a2599b4c14863e2748d5a4686c99"},
    {file = "cbor2-5.6.4-cp311-cp311-manylinux_2_17_aarch64.manylinux2014_aarch64.whl", hash = "sha256:7d715b2f101730335e84a25fe0893e2b6adf049d6d44da123bf243b8c875ffd8"},
    {file = "cbor2-5.6.4-cp311-cp311-manylinux_2_17_x86_64.manylinux2014_x86_64.whl", hash = "sha256:3f53a67600038cb9668720b309fdfafa8c16d1a02570b96d2144d58d66774318"},
    {file = "cbor2-5.6.4-cp311-cp311-musllinux_1_1_aarch64.whl", hash = "sha256:f898bab20c4f42dca3688c673ff97c2f719b1811090430173c94452603fbcf13"},
    {file = "cbor2-5.6.4-cp311-cp311-musllinux_1_1_x86_64.whl", hash = "sha256:5e5d50fb9f47d295c1b7f55592111350424283aff4cc88766c656aad0300f11f"},
    {file = "cbor2-5.6.4-cp311-cp311-win_amd64.whl", hash = "sha256:7f9d867dcd814ab8383ad132eb4063e2b69f6a9f688797b7a8ca34a4eadb3944"},
    {file = "cbor2-5.6.4-cp312-cp312-macosx_10_9_x86_64.whl", hash = "sha256:e0860ca88edf8aaec5461ce0e498eb5318f1bcc70d93f90091b7a1f1d351a167"},
    {file = "cbor2-5.6.4-cp312-cp312-macosx_11_0_arm64.whl", hash = "sha256:c38a0ed495a63a8bef6400158746a9cb03c36f89aeed699be7ffebf82720bf86"},
    {file = "cbor2-5.6.4-cp312-cp312-manylinux_2_17_aarch64.manylinux2014_aarch64.whl", hash = "sha256:0c8d8c2f208c223a61bed48dfd0661694b891e423094ed30bac2ed75032142aa"},
    {file = "cbor2-5.6.4-cp312-cp312-manylinux_2_17_x86_64.manylinux2014_x86_64.whl", hash = "sha256:24cd2ce6136e1985da989e5ba572521023a320dcefad5d1fff57fba261de80ca"},
    {file = "cbor2-5.6.4-cp312-cp312-musllinux_1_1_aarch64.whl", hash = "sha256:7facce04aed2bf69ef43bdffb725446fe243594c2451921e89cc305bede16f02"},
    {file = "cbor2-5.6.4-cp312-cp312-musllinux_1_1_x86_64.whl", hash = "sha256:f9c8ee0d89411e5e039a4f3419befe8b43c0dd8746eedc979e73f4c06fe0ef97"},
    {file = "cbor2-5.6.4-cp312-cp312-win_amd64.whl", hash = "sha256:9b45d554daa540e2f29f1747df9f08f8d98ade65a67b1911791bc193d33a5923"},
    {file = "cbor2-5.6.4-cp38-cp38-macosx_10_9_x86_64.whl", hash = "sha256:0a5cb2c16687ccd76b38cfbfdb34468ab7d5635fb92c9dc5e07831c1816bd0a9"},
    {file = "cbor2-5.6.4-cp38-cp38-macosx_11_0_arm64.whl", hash = "sha256:6f985f531f7495527153c4f66c8c143e4cf8a658ec9e87b14bc5438e0a8d0911"},
    {file = "cbor2-5.6.4-cp38-cp38-manylinux_2_17_aarch64.manylinux2014_aarch64.whl", hash = "sha256:a9d9c7b4bd7c3ea7e5587d4f1bbe073b81719530ddadb999b184074f064896e2"},
    {file = "cbor2-5.6.4-cp38-cp38-manylinux_2_17_x86_64.manylinux2014_x86_64.whl", hash = "sha256:64d06184dcdc275c389fee3cd0ea80b5e1769763df15f93ecd0bf4c281817365"},
    {file = "cbor2-5.6.4-cp38-cp38-musllinux_1_1_aarch64.whl", hash = "sha256:e9ba7116f201860fb4c3e80ef36be63851ec7e4a18af70fea22d09cab0b000bf"},
    {file = "cbor2-5.6.4-cp38-cp38-musllinux_1_1_x86_64.whl", hash = "sha256:341468ae58bdedaa05c907ab16e90dd0d5c54d7d1e66698dfacdbc16a31e815b"},
    {file = "cbor2-5.6.4-cp38-cp38-win_amd64.whl", hash = "sha256:bcb4994be1afcc81f9167c220645d878b608cae92e19f6706e770f9bc7bbff6c"},
    {file = "cbor2-5.6.4-cp39-cp39-macosx_10_9_x86_64.whl", hash = "sha256:41c43abffe217dce70ae51c7086530687670a0995dfc90cc35f32f2cf4d86392"},
    {file = "cbor2-5.6.4-cp39-cp39-macosx_11_0_arm64.whl", hash = "sha256:227a7e68ba378fe53741ed892b5b03fe472b5bd23ef26230a71964accebf50a2"},
    {file = "cbor2-5.6.4-cp39-cp39-manylinux_2_17_aarch64.manylinux2014_aarch64.whl", hash = "sha256:13521b7c9a0551fcc812d36afd03fc554fa4e1b193659bb5d4d521889aa81154"},
    {file = "cbor2-5.6.4-cp39-cp39-manylinux_2_17_x86_64.manylinux2014_x86_64.whl", hash = "sha256:6f4816d290535d20c7b7e2663b76da5b0deb4237b90275c202c26343d8852b8a"},
    {file = "cbor2-5.6.4-cp39-cp39-musllinux_1_1_aarch64.whl", hash = "sha256:1e98d370106821335efcc8fbe4136ea26b4747bf29ca0e66512b6c4f6f5cc59f"},
    {file = "cbor2-5.6.4-cp39-cp39-musllinux_1_1_x86_64.whl", hash = "sha256:68743a18e16167ff37654a29321f64f0441801dba68359c82dc48173cc6c87e1"},
    {file = "cbor2-5.6.4-cp39-cp39-win_amd64.whl", hash = "sha256:7ba5e9c6ed17526d266a1116c045c0941f710860c5f2495758df2e0d848c1b6d"},
    {file = "cbor2-5.6.4-py3-none-any.whl", hash = "sha256:fe411c4bf464f5976605103ebcd0f60b893ac3e4c7c8d8bc8f4a0cb456e33c60"},
    {file = "cbor2-5.6.4.tar.gz", hash = "sha256:1c533c50dde86bef1c6950602054a0ffa3c376e8b0e20c7b8f5b108793f6983e"},
]

[package.extras]
benchmarks = ["pytest-benchmark (==4.0.0)"]
doc = ["Sphinx (>=7)", "packaging", "sphinx-autodoc-typehints (>=1.2.0)", "sphinx-rtd-theme (>=1.3.0)", "typing-extensions"]
test = ["coverage (>=7)", "hypothesis", "pytest"]

[[package]]
name = "colorama"
version = "0.4.6"
description = "Cross-platform colored terminal text."
optional = false
python-versions = "!=3.0.*,!=3.1.*,!=3.2.*,!=3.3.*,!=3.4.*,!=3.5.*,!=3.6.*,>=2.7"
files = [
    {file = "colorama-0.4.6-py2.py3-none-any.whl", hash = "sha256:4f1d9991f5acc0ca119f9d443620b77f9d6b33703e51011c16baf57afb285fc6"},
    {file = "colorama-0.4.6.tar.gz", hash = "sha256:08695f5cb7ed6e0531a20572697297273c47b8cae5a63ffc6d6ed5c201be6e44"},
]

[[package]]
name = "exceptiongroup"
version = "1.2.2"
description = "Backport of PEP 654 (exception groups)"
optional = false
python-versions = ">=3.7"
files = [
    {file = "exceptiongroup-1.2.2-py3-none-any.whl", hash = "sha256:3111b9d131c238bec2f8f516e123e14ba243563fb135d3fe885990585aa7795b"},
    {file = "exceptiongroup-1.2.2.tar.gz", hash = "sha256:47c2edf7c6738fafb49fd34290706d1a1a2f4d1c6df275526b62cbb4aa5393cc"},
]

[package.extras]
test = ["pytest (>=6)"]

[[package]]
name = "iniconfig"
version = "2.0.0"
description = "brain-dead simple config-ini parsing"
optional = false
python-versions = ">=3.7"
files = [
    {file = "iniconfig-2.0.0-py3-none-any.whl", hash = "sha256:b6a85871a79d2e3b22d2d1b94ac2824226a63c6b741c88f7ae975f18b6778374"},
    {file = "iniconfig-2.0.0.tar.gz", hash = "sha256:2d91e135bf72d31a410b17c16da610a82cb55f6b0477d1a902134b24a455b8b3"},
]

[[package]]
name = "packaging"
version = "24.1"
description = "Core utilities for Python packages"
optional = false
python-versions = ">=3.8"
files = [
    {file = "packaging-24.1-py3-none-any.whl", hash = "sha256:5b8f2217dbdbd2f7f384c41c628544e6d52f2d0f53c6d0c3ea61aa5d1d7ff124"},
    {file = "packaging-24.1.tar.gz", hash = "sha256:026ed72c8ed3fcce5bf8950572258698927fd1dbda10a5e981cdf0ac37f4f002"},
]

[[package]]
name = "pluggy"
version = "1.5.0"
description = "plugin and hook calling mechanisms for python"
optional = false
python-versions = ">=3.8"
files = [
    {file = "pluggy-1.5.0-py3-none-any.whl", hash = "sha256:44e1ad92c8ca002de6377e165f3e0f1be63266ab4d554740532335b9d75ea669"},
    {file = "pluggy-1.5.0.tar.gz", hash = "sha256:2cffa88e94fdc978c4c574f15f9e59b7f4201d439195c3715ca9e2486f1d0cf1"},
]

[package.extras]
dev = ["pre-commit", "tox"]
testing = ["pytest", "pytest-benchmark"]

[[package]]
name = "pytest"
version = "8.3.2"
description = "pytest: simple powerful testing with Python"
optional = false
python-versions = ">=3.8"
files = [
    {file = "pytest-8.3.2-py3-none-any.whl", hash = "sha256:4ba08f9ae7dcf84ded419494d229b48d0903ea6407b030eaec46df5e6a73bba5"},
    {file = "pytest-8.3.2.tar.gz", hash = "sha256:c132345d12ce551242c87269de812483f5bcc87cdbb4722e48487ba194f9fdce"},
]

[package.dependencies]
colorama = {version = "*", markers = "sys_platform == \"win32\""}
exceptiongroup = {version = ">=1.0.0rc8", markers = "python_version < \"3.11\""}
iniconfig = "*"
packaging = "*"
pluggy = ">=1.5,<2"
tomli = {version = ">=1", markers = "python_version < \"3.11\""}

[package.extras]
dev = ["argcomplete", "attrs (>=19.2)", "hypothesis (>=3.56)", "mock", "pygments (>=2.7.2)", "requests", "setuptools", "xmlschema"]

[[package]]
name = "rewrite-remote"
version = "0.0.0"
description = "Remoting functionality for the OpenRewrite library"
optional = false
python-versions = "^3.8"
files = []
develop = true

[package.dependencies]
cbor2 = "^5.6.4"
rewrite = {path = "../../../../openrewrite/rewrite-python/rewrite", develop = true}

[package.source]
type = "directory"
url = "../../../moderneinc/rewrite-remote/python/rewrite-remote"

[[package]]
name = "tomli"
version = "2.0.1"
description = "A lil' TOML parser"
optional = false
python-versions = ">=3.7"
files = [
    {file = "tomli-2.0.1-py3-none-any.whl", hash = "sha256:939de3e7a6161af0c887ef91b7d41a53e7c5a1ca976325f429cb46ea9bc30ecc"},
    {file = "tomli-2.0.1.tar.gz", hash = "sha256:de526c12914f0c550d15924c62d72abc48d6fe7364aa87328337a31007fe8a4f"},
]

[metadata]
lock-version = "2.0"
python-versions = "~3.9"
content-hash = "2e05cb38e2ad0c324e2752d4b31f8aa4dae74669ab16496cb9d8724465c2efe6"
